
Microsoft Visual Studio Solution File, Format Version 12.00
# Visual Studio Version 16
VisualStudioVersion = 16.0.29613.14
MinimumVisualStudioVersion = 10.0.40219.1
Project("{FAE04EC0-301F-11D3-BF4B-00C04F79EFBC}") = "CarRacing", "CarRacing\CarRacing.csproj", "{549BCAB3-9FB2-44D3-9B55-BC4C8FC4052D}"
EndProject
Global
	GlobalSection(SolutionConfigurationPlatforms) = preSolution
		Debug|Any CPU = Debug|Any CPU
		Release|Any CPU = Release|Any CPU
	EndGlobalSection
	GlobalSection(ProjectConfigurationPlatforms) = postSolution
		{549BCAB3-9FB2-44D3-9B55-BC4C8FC4052D}.Debug|Any CPU.ActiveCfg = Debug|Any CPU
		{549BCAB3-9FB2-44D3-9B55-BC4C8FC4052D}.Debug|Any CPU.Build.0 = Debug|Any CPU
		{549BCAB3-9FB2-44D3-9B55-BC4C8FC4052D}.Release|Any CPU.ActiveCfg = Release|Any CPU
		{549BCAB3-9FB2-44D3-9B55-BC4C8FC4052D}.Release|Any CPU.Build.0 = Release|Any CPU
	EndGlobalSection
	GlobalSection(SolutionProperties) = preSolution
		HideSolutionNode = FALSE
	EndGlobalSection
	GlobalSection(ExtensibilityGlobals) = postSolution
		SolutionGuid = {755F0843-83E1-40FD-9ADB-2E772269EE08}
	EndGlobalSection
EndGlobal
